
Microsoft Visual Studio Solution File, Format Version 12.00
# Visual Studio Version 17
VisualStudioVersion = 17.2.32516.85
MinimumVisualStudioVersion = 10.0.40219.1
Project("{00D1A9C2-B5F0-4AF3-8072-F6C62B433612}") = "DepotEice.Db", "DepotEice.Db\DepotEice.Db.sqlproj", "{8B38F6FA-CB24-48D5-A519-B77457EE8323}"
EndProject
Project("{9A19103F-16F7-4668-BE54-9A1E7A4F7556}") = "DepotEice.Web", "DepotEice.Web\DepotEice.Web.csproj", "{7D6113A0-2C53-485E-BA7A-B3F619D6696C}"
EndProject
Project("{9A19103F-16F7-4668-BE54-9A1E7A4F7556}") = "DepotEice.Api.UIL", "DepotEice.Api\DepotEice.Api.UIL.csproj", "{60490C50-086E-4693-8EAC-EE74AD0A148A}"
EndProject
Project("{9A19103F-16F7-4668-BE54-9A1E7A4F7556}") = "DepotEice.Shared", "DepotEice.Shared\DepotEice.Shared.csproj", "{9AE2EAE8-5D0F-4B34-9544-34C079B684CE}"
EndProject
Project("{2150E333-8FDC-42A3-9474-1A3956D46DE8}") = "01 API", "01 API", "{DACA2385-1C92-49C1-85FA-CC7FBB7DE9A7}"
EndProject
Project("{2150E333-8FDC-42A3-9474-1A3956D46DE8}") = "02 App", "02 App", "{7B969797-D23E-4088-B613-0B211420AC76}"
EndProject
Project("{2150E333-8FDC-42A3-9474-1A3956D46DE8}") = "00 Database", "00 Database", "{D151048B-504C-4DF7-96CF-0A400CBCE275}"
EndProject
Project("{2150E333-8FDC-42A3-9474-1A3956D46DE8}") = "Libraries", "Libraries", "{051077F1-50AB-41E1-8501-595BB84F59F1}"
EndProject
Project("{9A19103F-16F7-4668-BE54-9A1E7A4F7556}") = "DepotEice.Api.BLL", "DepotEice.Api.BLL\DepotEice.Api.BLL.csproj", "{953CDBF9-20BF-4E38-B7F9-F14E6198A258}"
EndProject
Project("{9A19103F-16F7-4668-BE54-9A1E7A4F7556}") = "DepotEice.Api.DAL", "DepotEice.Api.DAL\DepotEice.Api.DAL.csproj", "{4B1378EC-B8A3-41D5-8604-DDC4E2344EE1}"
EndProject
Global
	GlobalSection(SolutionConfigurationPlatforms) = preSolution
		Debug|Any CPU = Debug|Any CPU
		Release|Any CPU = Release|Any CPU
	EndGlobalSection
	GlobalSection(ProjectConfigurationPlatforms) = postSolution
		{8B38F6FA-CB24-48D5-A519-B77457EE8323}.Debug|Any CPU.ActiveCfg = Debug|Any CPU
		{8B38F6FA-CB24-48D5-A519-B77457EE8323}.Debug|Any CPU.Build.0 = Debug|Any CPU
		{8B38F6FA-CB24-48D5-A519-B77457EE8323}.Debug|Any CPU.Deploy.0 = Debug|Any CPU
		{8B38F6FA-CB24-48D5-A519-B77457EE8323}.Release|Any CPU.ActiveCfg = Release|Any CPU
		{8B38F6FA-CB24-48D5-A519-B77457EE8323}.Release|Any CPU.Build.0 = Release|Any CPU
		{8B38F6FA-CB24-48D5-A519-B77457EE8323}.Release|Any CPU.Deploy.0 = Release|Any CPU
		{7D6113A0-2C53-485E-BA7A-B3F619D6696C}.Debug|Any CPU.ActiveCfg = Debug|Any CPU
		{7D6113A0-2C53-485E-BA7A-B3F619D6696C}.Debug|Any CPU.Build.0 = Debug|Any CPU
		{7D6113A0-2C53-485E-BA7A-B3F619D6696C}.Release|Any CPU.ActiveCfg = Release|Any CPU
		{7D6113A0-2C53-485E-BA7A-B3F619D6696C}.Release|Any CPU.Build.0 = Release|Any CPU
		{60490C50-086E-4693-8EAC-EE74AD0A148A}.Debug|Any CPU.ActiveCfg = Debug|Any CPU
		{60490C50-086E-4693-8EAC-EE74AD0A148A}.Debug|Any CPU.Build.0 = Debug|Any CPU
		{60490C50-086E-4693-8EAC-EE74AD0A148A}.Release|Any CPU.ActiveCfg = Release|Any CPU
		{60490C50-086E-4693-8EAC-EE74AD0A148A}.Release|Any CPU.Build.0 = Release|Any CPU
		{9AE2EAE8-5D0F-4B34-9544-34C079B684CE}.Debug|Any CPU.ActiveCfg = Debug|Any CPU
		{9AE2EAE8-5D0F-4B34-9544-34C079B684CE}.Debug|Any CPU.Build.0 = Debug|Any CPU
		{9AE2EAE8-5D0F-4B34-9544-34C079B684CE}.Release|Any CPU.ActiveCfg = Release|Any CPU
		{9AE2EAE8-5D0F-4B34-9544-34C079B684CE}.Release|Any CPU.Build.0 = Release|Any CPU
		{953CDBF9-20BF-4E38-B7F9-F14E6198A258}.Debug|Any CPU.ActiveCfg = Debug|Any CPU
		{953CDBF9-20BF-4E38-B7F9-F14E6198A258}.Debug|Any CPU.Build.0 = Debug|Any CPU
		{953CDBF9-20BF-4E38-B7F9-F14E6198A258}.Release|Any CPU.ActiveCfg = Release|Any CPU
		{953CDBF9-20BF-4E38-B7F9-F14E6198A258}.Release|Any CPU.Build.0 = Release|Any CPU
		{4B1378EC-B8A3-41D5-8604-DDC4E2344EE1}.Debug|Any CPU.ActiveCfg = Debug|Any CPU
		{4B1378EC-B8A3-41D5-8604-DDC4E2344EE1}.Debug|Any CPU.Build.0 = Debug|Any CPU
		{4B1378EC-B8A3-41D5-8604-DDC4E2344EE1}.Release|Any CPU.ActiveCfg = Release|Any CPU
		{4B1378EC-B8A3-41D5-8604-DDC4E2344EE1}.Release|Any CPU.Build.0 = Release|Any CPU
	EndGlobalSection
	GlobalSection(SolutionProperties) = preSolution
		HideSolutionNode = FALSE
	EndGlobalSection
	GlobalSection(NestedProjects) = preSolution
		{8B38F6FA-CB24-48D5-A519-B77457EE8323} = {D151048B-504C-4DF7-96CF-0A400CBCE275}
		{7D6113A0-2C53-485E-BA7A-B3F619D6696C} = {7B969797-D23E-4088-B613-0B211420AC76}
		{60490C50-086E-4693-8EAC-EE74AD0A148A} = {DACA2385-1C92-49C1-85FA-CC7FBB7DE9A7}
		{9AE2EAE8-5D0F-4B34-9544-34C079B684CE} = {051077F1-50AB-41E1-8501-595BB84F59F1}
		{953CDBF9-20BF-4E38-B7F9-F14E6198A258} = {DACA2385-1C92-49C1-85FA-CC7FBB7DE9A7}
		{4B1378EC-B8A3-41D5-8604-DDC4E2344EE1} = {DACA2385-1C92-49C1-85FA-CC7FBB7DE9A7}
	EndGlobalSection
	GlobalSection(ExtensibilityGlobals) = postSolution
		SolutionGuid = {5A205778-1E25-439A-ACC1-4C702B68B052}
	EndGlobalSection
EndGlobal
