
Microsoft Visual Studio Solution File, Format Version 12.00
# Visual Studio Version 17
VisualStudioVersion = 17.2.32516.85
MinimumVisualStudioVersion = 10.0.40219.1
Project("{9A19103F-16F7-4668-BE54-9A1E7A4F7556}") = "DepotEice.Shared", "DepotEice.Shared\DepotEice.Shared.csproj", "{9AE2EAE8-5D0F-4B34-9544-34C079B684CE}"
EndProject
Project("{2150E333-8FDC-42A3-9474-1A3956D46DE8}") = "00 Database", "00 Database", "{D151048B-504C-4DF7-96CF-0A400CBCE275}"
EndProject
Project("{2150E333-8FDC-42A3-9474-1A3956D46DE8}") = "10 DAL", "10 DAL", "{3BE3F894-78A8-4FF4-B468-CCF2609C5EC0}"
EndProject
Project("{2150E333-8FDC-42A3-9474-1A3956D46DE8}") = "20 BLL", "20 BLL", "{696D2A3F-F70E-4481-8159-CB58EC493779}"
EndProject
Project("{2150E333-8FDC-42A3-9474-1A3956D46DE8}") = "30 UIL", "30 UIL", "{BAF3E07A-3587-43E2-B9A6-AC381DD03F60}"
EndProject
Project("{2150E333-8FDC-42A3-9474-1A3956D46DE8}") = "99 Helpers", "99 Helpers", "{99C605C1-BC9A-490D-BB67-99C3C06601F1}"
EndProject
Project("{00D1A9C2-B5F0-4AF3-8072-F6C62B433612}") = "DB.DepotEice", "DB.DepotEice\DB.DepotEice.sqlproj", "{8B38F6FA-CB24-48D5-A519-B77457EE8323}"
EndProject
Project("{9A19103F-16F7-4668-BE54-9A1E7A4F7556}") = "API.DepotEice.DAL", "API.DepotEice.DAL\API.DepotEice.DAL.csproj", "{1117786C-26FF-41AE-A3B4-FDEED3C4C906}"
EndProject
Project("{9A19103F-16F7-4668-BE54-9A1E7A4F7556}") = "API.DepotEice.BLL", "API.DepotEice.BLL\API.DepotEice.BLL.csproj", "{CF3F8480-4D68-446A-9A4F-51A8A92A737B}"
EndProject
Project("{9A19103F-16F7-4668-BE54-9A1E7A4F7556}") = "API.DepotEice.UIL", "API.DepotEice.UIL\API.DepotEice.UIL.csproj", "{D6DA2694-D073-4768-8012-5D210307D38F}"
EndProject
Project("{9A19103F-16F7-4668-BE54-9A1E7A4F7556}") = "Web.DepotEice.BLL", "Web.DepotEice.BLL\Web.DepotEice.BLL.csproj", "{B905C069-1110-43DE-BADD-C46B13398100}"
EndProject
Project("{9A19103F-16F7-4668-BE54-9A1E7A4F7556}") = "Web.DepotEice.DAL", "Web.DepotEice.DAL\Web.DepotEice.DAL.csproj", "{47C08646-74A8-49D8-93AC-8E8E5202CE50}"
EndProject
Project("{9A19103F-16F7-4668-BE54-9A1E7A4F7556}") = "Web.DepotEice.UIL", "Web.DepotEice.UIL\Web.DepotEice.UIL.csproj", "{3BBB1C0D-A3AB-444A-B6F7-5D328F81E736}"
EndProject
Global
	GlobalSection(SolutionConfigurationPlatforms) = preSolution
		Debug|Any CPU = Debug|Any CPU
		Release|Any CPU = Release|Any CPU
	EndGlobalSection
	GlobalSection(ProjectConfigurationPlatforms) = postSolution
		{9AE2EAE8-5D0F-4B34-9544-34C079B684CE}.Debug|Any CPU.ActiveCfg = Debug|Any CPU
		{9AE2EAE8-5D0F-4B34-9544-34C079B684CE}.Debug|Any CPU.Build.0 = Debug|Any CPU
		{9AE2EAE8-5D0F-4B34-9544-34C079B684CE}.Release|Any CPU.ActiveCfg = Release|Any CPU
		{9AE2EAE8-5D0F-4B34-9544-34C079B684CE}.Release|Any CPU.Build.0 = Release|Any CPU
		{8B38F6FA-CB24-48D5-A519-B77457EE8323}.Debug|Any CPU.ActiveCfg = Debug|Any CPU
		{8B38F6FA-CB24-48D5-A519-B77457EE8323}.Debug|Any CPU.Build.0 = Debug|Any CPU
		{8B38F6FA-CB24-48D5-A519-B77457EE8323}.Debug|Any CPU.Deploy.0 = Debug|Any CPU
		{8B38F6FA-CB24-48D5-A519-B77457EE8323}.Release|Any CPU.ActiveCfg = Release|Any CPU
		{8B38F6FA-CB24-48D5-A519-B77457EE8323}.Release|Any CPU.Build.0 = Release|Any CPU
		{8B38F6FA-CB24-48D5-A519-B77457EE8323}.Release|Any CPU.Deploy.0 = Release|Any CPU
		{1117786C-26FF-41AE-A3B4-FDEED3C4C906}.Debug|Any CPU.ActiveCfg = Debug|Any CPU
		{1117786C-26FF-41AE-A3B4-FDEED3C4C906}.Debug|Any CPU.Build.0 = Debug|Any CPU
		{1117786C-26FF-41AE-A3B4-FDEED3C4C906}.Release|Any CPU.ActiveCfg = Release|Any CPU
		{1117786C-26FF-41AE-A3B4-FDEED3C4C906}.Release|Any CPU.Build.0 = Release|Any CPU
		{CF3F8480-4D68-446A-9A4F-51A8A92A737B}.Debug|Any CPU.ActiveCfg = Debug|Any CPU
		{CF3F8480-4D68-446A-9A4F-51A8A92A737B}.Debug|Any CPU.Build.0 = Debug|Any CPU
		{CF3F8480-4D68-446A-9A4F-51A8A92A737B}.Release|Any CPU.ActiveCfg = Release|Any CPU
		{CF3F8480-4D68-446A-9A4F-51A8A92A737B}.Release|Any CPU.Build.0 = Release|Any CPU
		{D6DA2694-D073-4768-8012-5D210307D38F}.Debug|Any CPU.ActiveCfg = Debug|Any CPU
		{D6DA2694-D073-4768-8012-5D210307D38F}.Debug|Any CPU.Build.0 = Debug|Any CPU
		{D6DA2694-D073-4768-8012-5D210307D38F}.Release|Any CPU.ActiveCfg = Release|Any CPU
		{D6DA2694-D073-4768-8012-5D210307D38F}.Release|Any CPU.Build.0 = Release|Any CPU
		{B905C069-1110-43DE-BADD-C46B13398100}.Debug|Any CPU.ActiveCfg = Debug|Any CPU
		{B905C069-1110-43DE-BADD-C46B13398100}.Debug|Any CPU.Build.0 = Debug|Any CPU
		{B905C069-1110-43DE-BADD-C46B13398100}.Release|Any CPU.ActiveCfg = Release|Any CPU
		{B905C069-1110-43DE-BADD-C46B13398100}.Release|Any CPU.Build.0 = Release|Any CPU
		{47C08646-74A8-49D8-93AC-8E8E5202CE50}.Debug|Any CPU.ActiveCfg = Debug|Any CPU
		{47C08646-74A8-49D8-93AC-8E8E5202CE50}.Debug|Any CPU.Build.0 = Debug|Any CPU
		{47C08646-74A8-49D8-93AC-8E8E5202CE50}.Release|Any CPU.ActiveCfg = Release|Any CPU
		{47C08646-74A8-49D8-93AC-8E8E5202CE50}.Release|Any CPU.Build.0 = Release|Any CPU
		{3BBB1C0D-A3AB-444A-B6F7-5D328F81E736}.Debug|Any CPU.ActiveCfg = Debug|Any CPU
		{3BBB1C0D-A3AB-444A-B6F7-5D328F81E736}.Debug|Any CPU.Build.0 = Debug|Any CPU
		{3BBB1C0D-A3AB-444A-B6F7-5D328F81E736}.Release|Any CPU.ActiveCfg = Release|Any CPU
		{3BBB1C0D-A3AB-444A-B6F7-5D328F81E736}.Release|Any CPU.Build.0 = Release|Any CPU
	EndGlobalSection
	GlobalSection(SolutionProperties) = preSolution
		HideSolutionNode = FALSE
	EndGlobalSection
	GlobalSection(NestedProjects) = preSolution
		{9AE2EAE8-5D0F-4B34-9544-34C079B684CE} = {99C605C1-BC9A-490D-BB67-99C3C06601F1}
		{8B38F6FA-CB24-48D5-A519-B77457EE8323} = {D151048B-504C-4DF7-96CF-0A400CBCE275}
		{1117786C-26FF-41AE-A3B4-FDEED3C4C906} = {3BE3F894-78A8-4FF4-B468-CCF2609C5EC0}
		{CF3F8480-4D68-446A-9A4F-51A8A92A737B} = {696D2A3F-F70E-4481-8159-CB58EC493779}
		{D6DA2694-D073-4768-8012-5D210307D38F} = {BAF3E07A-3587-43E2-B9A6-AC381DD03F60}
		{B905C069-1110-43DE-BADD-C46B13398100} = {696D2A3F-F70E-4481-8159-CB58EC493779}
		{47C08646-74A8-49D8-93AC-8E8E5202CE50} = {3BE3F894-78A8-4FF4-B468-CCF2609C5EC0}
		{3BBB1C0D-A3AB-444A-B6F7-5D328F81E736} = {BAF3E07A-3587-43E2-B9A6-AC381DD03F60}
	EndGlobalSection
	GlobalSection(ExtensibilityGlobals) = postSolution
		SolutionGuid = {5A205778-1E25-439A-ACC1-4C702B68B052}
	EndGlobalSection
EndGlobal
